
Microsoft Visual Studio Solution File, Format Version 12.00
# Visual Studio Version 17
VisualStudioVersion = 17.9.34714.143
MinimumVisualStudioVersion = 10.0.40219.1
Project("{9A19103F-16F7-4668-BE54-9A1E7A4F7556}") = "Gateway.WebApi", "Gateway.WebApi\Gateway.WebApi.csproj", "{D4BA104C-256B-44E0-943F-BFDFA4AD33E9}"
EndProject
Project("{2150E333-8FDC-42A3-9474-1A3956D46DE8}") = "Microservice", "Microservice", "{10689CB3-CC08-45A1-96CF-0071A37FAD9A}"
EndProject
Project("{2150E333-8FDC-42A3-9474-1A3956D46DE8}") = "Identity", "Identity", "{2D40BCE1-69FF-4091-BCD0-312B31B91ACE}"
	ProjectSection(SolutionItems) = preProject
		Microservice\Identity\README.md = Microservice\Identity\README.md
	EndProjectSection
EndProject
Project("{2150E333-8FDC-42A3-9474-1A3956D46DE8}") = "Catalog", "Catalog", "{530E9DF8-29D1-43EA-AA5A-3C2F376B19ED}"
	ProjectSection(SolutionItems) = preProject
		Microservice\Catalog\README.md = Microservice\Catalog\README.md
	EndProjectSection
EndProject
Project("{9A19103F-16F7-4668-BE54-9A1E7A4F7556}") = "Identity.Microservice.API", "Microservice\Identity\Identity.Microservice.API\Identity.Microservice.API.csproj", "{A0AC1EC8-30D0-4403-8D8D-05302474F0B1}"
EndProject
Project("{9A19103F-16F7-4668-BE54-9A1E7A4F7556}") = "Catalog.Microservice.API", "Microservice\Catalog\Catalog.Microservice.API\Catalog.Microservice.API.csproj", "{8C561BC7-711C-49F7-99E9-E1C815A50EFB}"
EndProject
Project("{9A19103F-16F7-4668-BE54-9A1E7A4F7556}") = "Identity.Microservice.Application", "Microservice\Identity\Identity.Microservice.Application\Identity.Microservice.Application.csproj", "{86F1C47F-F4D4-4B70-8609-068266EBDD6A}"
EndProject
Project("{9A19103F-16F7-4668-BE54-9A1E7A4F7556}") = "Identity.Microservice.Domain", "Microservice\Identity\Identity.Microservice.Domain\Identity.Microservice.Domain.csproj", "{0A5C7F6B-54B9-456A-9FFD-DE3E0C35C44D}"
EndProject
Project("{9A19103F-16F7-4668-BE54-9A1E7A4F7556}") = "Identity.Microservice.Infrastructure", "Microservice\Identity\Identity.Microservice.Infrastructure\Identity.Microservice.Infrastructure.csproj", "{ABAF63BE-09F8-43F1-80AD-DE8F5A05B8A3}"
EndProject
Project("{9A19103F-16F7-4668-BE54-9A1E7A4F7556}") = "Catalog.Microservice.Application", "Microservice\Catalog\Catalog.Microservice.Application\Catalog.Microservice.Application.csproj", "{12E7FB4E-0B9C-45AB-B0C3-CAF3D8398E73}"
EndProject
Project("{9A19103F-16F7-4668-BE54-9A1E7A4F7556}") = "Catalog.Microservice.Domain", "Microservice\Catalog\Catalog.Microservice.Domain\Catalog.Microservice.Domain.csproj", "{6F82696F-B29F-48E4-BF2E-699DA3A9AE9B}"
EndProject
Project("{9A19103F-16F7-4668-BE54-9A1E7A4F7556}") = "Catalog.Microservice.Infrastructure", "Microservice\Catalog\Catalog.Microservice.Infrastructure\Catalog.Microservice.Infrastructure.csproj", "{F35D8C55-6340-43F0-8799-BACBCC8282AC}"
EndProject
Project("{2150E333-8FDC-42A3-9474-1A3956D46DE8}") = "Solution Items", "Solution Items", "{EBD83DB3-9AFF-4B88-B3FA-4554BABB9F84}"
	ProjectSection(SolutionItems) = preProject
		README.md = README.md
	EndProjectSection
EndProject
Project("{2150E333-8FDC-42A3-9474-1A3956D46DE8}") = "Cart", "Cart", "{FEF4B7E6-3D8C-4760-A596-D2DB9C4F289D}"
	ProjectSection(SolutionItems) = preProject
		Microservice\Cart\README.md = Microservice\Cart\README.md
	EndProjectSection
EndProject
Project("{9A19103F-16F7-4668-BE54-9A1E7A4F7556}") = "Cart.Microservice.API", "Microservice\Cart\Cart.Microservice.API\Cart.Microservice.API.csproj", "{C597DDE0-C3BF-4C1C-B0DB-87020A3B61D6}"
EndProject
Project("{9A19103F-16F7-4668-BE54-9A1E7A4F7556}") = "Cart.Microservice.Application", "Microservice\Cart\Cart.Microservice.Application\Cart.Microservice.Application.csproj", "{BEB47B9E-213D-4807-92ED-339C4B3EB09B}"
EndProject
Project("{9A19103F-16F7-4668-BE54-9A1E7A4F7556}") = "Cart.Microservice.Domain", "Microservice\Cart\Cart.Microservice.Domain\Cart.Microservice.Domain.csproj", "{F070536D-BD13-478D-AA23-157F44DF3B30}"
EndProject
Project("{9A19103F-16F7-4668-BE54-9A1E7A4F7556}") = "Cart.Microservice.Infrastructure", "Microservice\Cart\Cart.Microservice.Infrastructure\Cart.Microservice.Infrastructure.csproj", "{0862B678-C739-407F-8858-6B7E80290D34}"
EndProject
Project("{2150E333-8FDC-42A3-9474-1A3956D46DE8}") = "Orders", "Orders", "{F0513E5A-3886-4F80-BC4B-2EB8D6CE215D}"
	ProjectSection(SolutionItems) = preProject
		Microservice\Orders\README.md = Microservice\Orders\README.md
	EndProjectSection
EndProject
Project("{9A19103F-16F7-4668-BE54-9A1E7A4F7556}") = "Orders.Microservice.API", "Microservice\Orders\Orders.Microservice.API\Orders.Microservice.API.csproj", "{7A48461F-FDDA-4862-84C4-2D80A3AF6F05}"
EndProject
Project("{9A19103F-16F7-4668-BE54-9A1E7A4F7556}") = "Orders.Microservice.Application", "Microservice\Orders\Orders.Microservice.Application\Orders.Microservice.Application.csproj", "{EAAF512C-F285-420F-8AC1-12DE4A6275FA}"
EndProject
Project("{9A19103F-16F7-4668-BE54-9A1E7A4F7556}") = "Orders.Microservice.Domain", "Microservice\Orders\Orders.Microservice.Domain\Orders.Microservice.Domain.csproj", "{158EA75B-EFFA-4A36-A91B-2E20D5AE3504}"
EndProject
Project("{9A19103F-16F7-4668-BE54-9A1E7A4F7556}") = "Orders.Microservice.Infrastructure", "Microservice\Orders\Orders.Microservice.Infrastructure\Orders.Microservice.Infrastructure.csproj", "{267FF087-E4CE-4749-B169-FA93DAE7FDFC}"
EndProject
Project("{2150E333-8FDC-42A3-9474-1A3956D46DE8}") = ".docker", ".docker", "{EACACCF4-1DD7-47EF-8A66-C35280376843}"
EndProject
Project("{2150E333-8FDC-42A3-9474-1A3956D46DE8}") = "dev", "dev", "{A7D00CB1-139A-4B73-B165-B461DA07B3C0}"
EndProject
Project("{2150E333-8FDC-42A3-9474-1A3956D46DE8}") = "prod", "prod", "{E0819811-8F36-48B5-82FC-72AE31E1BA82}"
EndProject
Project("{E53339B2-1760-4266-BCC7-CA923CBCF16C}") = "dev.asthelp", ".docker\dev\dev.asthelp.dcproj", "{8CC8A2DF-C146-43DC-89AD-87F1E92C4E91}"
EndProject
Project("{E53339B2-1760-4266-BCC7-CA923CBCF16C}") = "prod.asthelp", ".docker\prod\prod.asthelp.dcproj", "{578D5FA2-10F9-4FDD-B3F4-0A183B607354}"
EndProject
Project("{2150E333-8FDC-42A3-9474-1A3956D46DE8}") = "Notification", "Notification", "{E99BEC4F-8673-4A12-9679-312D7CE5A4D9}"
	ProjectSection(SolutionItems) = preProject
		Microservice\Notification\README.md = Microservice\Notification\README.md
	EndProjectSection
EndProject
Project("{9A19103F-16F7-4668-BE54-9A1E7A4F7556}") = "Notification.Microservice.API", "Microservice\Notification\Notification.Microservice.API\Notification.Microservice.API.csproj", "{C11C5DE1-E9FC-4BA7-9213-80728D0FED2C}"
EndProject
Project("{9A19103F-16F7-4668-BE54-9A1E7A4F7556}") = "Notification.Microservice.Application", "Microservice\Notification\Notification.Microservice.Application\Notification.Microservice.Application.csproj", "{3F36F16E-4DD3-49F6-8E8A-248D8948B155}"
EndProject
Project("{9A19103F-16F7-4668-BE54-9A1E7A4F7556}") = "Notification.Microservice.Domain", "Microservice\Notification\Notification.Microservice.Domain\Notification.Microservice.Domain.csproj", "{BA7BEDD8-95F3-4D9D-91E6-91EB80239469}"
EndProject
Project("{9A19103F-16F7-4668-BE54-9A1E7A4F7556}") = "Notification.Microservice.Infrastructure", "Microservice\Notification\Notification.Microservice.Infrastructure\Notification.Microservice.Infrastructure.csproj", "{78B26614-7562-437E-8C77-341E4D2BB5EF}"
EndProject
Project("{9A19103F-16F7-4668-BE54-9A1E7A4F7556}") = "Identity.Microservice.Tests", "Microservice\Identity\Identity.Microservice.Tests\Identity.Microservice.Tests.csproj", "{ABCA09DF-5532-4B81-8E6C-F4EC825069D6}"
EndProject
Project("{FAE04EC0-301F-11D3-BF4B-00C04F79EFBC}") = "Notification.Microservice.Tests", "Microservice\Notification\Notification.Microservice.Tests\Notification.Microservice.Tests.csproj", "{5FF50A54-04B3-40DB-8DF4-D17B5D64B61C}"
EndProject
Global
	GlobalSection(SolutionConfigurationPlatforms) = preSolution
		Debug|Any CPU = Debug|Any CPU
		Release|Any CPU = Release|Any CPU
	EndGlobalSection
	GlobalSection(ProjectConfigurationPlatforms) = postSolution
		{D4BA104C-256B-44E0-943F-BFDFA4AD33E9}.Debug|Any CPU.ActiveCfg = Debug|Any CPU
		{D4BA104C-256B-44E0-943F-BFDFA4AD33E9}.Debug|Any CPU.Build.0 = Debug|Any CPU
		{D4BA104C-256B-44E0-943F-BFDFA4AD33E9}.Release|Any CPU.ActiveCfg = Release|Any CPU
		{D4BA104C-256B-44E0-943F-BFDFA4AD33E9}.Release|Any CPU.Build.0 = Release|Any CPU
		{A0AC1EC8-30D0-4403-8D8D-05302474F0B1}.Debug|Any CPU.ActiveCfg = Debug|Any CPU
		{A0AC1EC8-30D0-4403-8D8D-05302474F0B1}.Debug|Any CPU.Build.0 = Debug|Any CPU
		{A0AC1EC8-30D0-4403-8D8D-05302474F0B1}.Release|Any CPU.ActiveCfg = Release|Any CPU
		{A0AC1EC8-30D0-4403-8D8D-05302474F0B1}.Release|Any CPU.Build.0 = Release|Any CPU
		{8C561BC7-711C-49F7-99E9-E1C815A50EFB}.Debug|Any CPU.ActiveCfg = Debug|Any CPU
		{8C561BC7-711C-49F7-99E9-E1C815A50EFB}.Debug|Any CPU.Build.0 = Debug|Any CPU
		{8C561BC7-711C-49F7-99E9-E1C815A50EFB}.Release|Any CPU.ActiveCfg = Release|Any CPU
		{8C561BC7-711C-49F7-99E9-E1C815A50EFB}.Release|Any CPU.Build.0 = Release|Any CPU
		{86F1C47F-F4D4-4B70-8609-068266EBDD6A}.Debug|Any CPU.ActiveCfg = Debug|Any CPU
		{86F1C47F-F4D4-4B70-8609-068266EBDD6A}.Debug|Any CPU.Build.0 = Debug|Any CPU
		{86F1C47F-F4D4-4B70-8609-068266EBDD6A}.Release|Any CPU.ActiveCfg = Release|Any CPU
		{86F1C47F-F4D4-4B70-8609-068266EBDD6A}.Release|Any CPU.Build.0 = Release|Any CPU
		{0A5C7F6B-54B9-456A-9FFD-DE3E0C35C44D}.Debug|Any CPU.ActiveCfg = Debug|Any CPU
		{0A5C7F6B-54B9-456A-9FFD-DE3E0C35C44D}.Debug|Any CPU.Build.0 = Debug|Any CPU
		{0A5C7F6B-54B9-456A-9FFD-DE3E0C35C44D}.Release|Any CPU.ActiveCfg = Release|Any CPU
		{0A5C7F6B-54B9-456A-9FFD-DE3E0C35C44D}.Release|Any CPU.Build.0 = Release|Any CPU
		{ABAF63BE-09F8-43F1-80AD-DE8F5A05B8A3}.Debug|Any CPU.ActiveCfg = Debug|Any CPU
		{ABAF63BE-09F8-43F1-80AD-DE8F5A05B8A3}.Debug|Any CPU.Build.0 = Debug|Any CPU
		{ABAF63BE-09F8-43F1-80AD-DE8F5A05B8A3}.Release|Any CPU.ActiveCfg = Release|Any CPU
		{ABAF63BE-09F8-43F1-80AD-DE8F5A05B8A3}.Release|Any CPU.Build.0 = Release|Any CPU
		{12E7FB4E-0B9C-45AB-B0C3-CAF3D8398E73}.Debug|Any CPU.ActiveCfg = Debug|Any CPU
		{12E7FB4E-0B9C-45AB-B0C3-CAF3D8398E73}.Debug|Any CPU.Build.0 = Debug|Any CPU
		{12E7FB4E-0B9C-45AB-B0C3-CAF3D8398E73}.Release|Any CPU.ActiveCfg = Release|Any CPU
		{12E7FB4E-0B9C-45AB-B0C3-CAF3D8398E73}.Release|Any CPU.Build.0 = Release|Any CPU
		{6F82696F-B29F-48E4-BF2E-699DA3A9AE9B}.Debug|Any CPU.ActiveCfg = Debug|Any CPU
		{6F82696F-B29F-48E4-BF2E-699DA3A9AE9B}.Debug|Any CPU.Build.0 = Debug|Any CPU
		{6F82696F-B29F-48E4-BF2E-699DA3A9AE9B}.Release|Any CPU.ActiveCfg = Release|Any CPU
		{6F82696F-B29F-48E4-BF2E-699DA3A9AE9B}.Release|Any CPU.Build.0 = Release|Any CPU
		{F35D8C55-6340-43F0-8799-BACBCC8282AC}.Debug|Any CPU.ActiveCfg = Debug|Any CPU
		{F35D8C55-6340-43F0-8799-BACBCC8282AC}.Debug|Any CPU.Build.0 = Debug|Any CPU
		{F35D8C55-6340-43F0-8799-BACBCC8282AC}.Release|Any CPU.ActiveCfg = Release|Any CPU
		{F35D8C55-6340-43F0-8799-BACBCC8282AC}.Release|Any CPU.Build.0 = Release|Any CPU
		{C597DDE0-C3BF-4C1C-B0DB-87020A3B61D6}.Debug|Any CPU.ActiveCfg = Debug|Any CPU
		{C597DDE0-C3BF-4C1C-B0DB-87020A3B61D6}.Debug|Any CPU.Build.0 = Debug|Any CPU
		{C597DDE0-C3BF-4C1C-B0DB-87020A3B61D6}.Release|Any CPU.ActiveCfg = Release|Any CPU
		{C597DDE0-C3BF-4C1C-B0DB-87020A3B61D6}.Release|Any CPU.Build.0 = Release|Any CPU
		{BEB47B9E-213D-4807-92ED-339C4B3EB09B}.Debug|Any CPU.ActiveCfg = Debug|Any CPU
		{BEB47B9E-213D-4807-92ED-339C4B3EB09B}.Debug|Any CPU.Build.0 = Debug|Any CPU
		{BEB47B9E-213D-4807-92ED-339C4B3EB09B}.Release|Any CPU.ActiveCfg = Release|Any CPU
		{BEB47B9E-213D-4807-92ED-339C4B3EB09B}.Release|Any CPU.Build.0 = Release|Any CPU
		{F070536D-BD13-478D-AA23-157F44DF3B30}.Debug|Any CPU.ActiveCfg = Debug|Any CPU
		{F070536D-BD13-478D-AA23-157F44DF3B30}.Debug|Any CPU.Build.0 = Debug|Any CPU
		{F070536D-BD13-478D-AA23-157F44DF3B30}.Release|Any CPU.ActiveCfg = Release|Any CPU
		{F070536D-BD13-478D-AA23-157F44DF3B30}.Release|Any CPU.Build.0 = Release|Any CPU
		{0862B678-C739-407F-8858-6B7E80290D34}.Debug|Any CPU.ActiveCfg = Debug|Any CPU
		{0862B678-C739-407F-8858-6B7E80290D34}.Debug|Any CPU.Build.0 = Debug|Any CPU
		{0862B678-C739-407F-8858-6B7E80290D34}.Release|Any CPU.ActiveCfg = Release|Any CPU
		{0862B678-C739-407F-8858-6B7E80290D34}.Release|Any CPU.Build.0 = Release|Any CPU
		{7A48461F-FDDA-4862-84C4-2D80A3AF6F05}.Debug|Any CPU.ActiveCfg = Debug|Any CPU
		{7A48461F-FDDA-4862-84C4-2D80A3AF6F05}.Debug|Any CPU.Build.0 = Debug|Any CPU
		{7A48461F-FDDA-4862-84C4-2D80A3AF6F05}.Release|Any CPU.ActiveCfg = Release|Any CPU
		{7A48461F-FDDA-4862-84C4-2D80A3AF6F05}.Release|Any CPU.Build.0 = Release|Any CPU
		{EAAF512C-F285-420F-8AC1-12DE4A6275FA}.Debug|Any CPU.ActiveCfg = Debug|Any CPU
		{EAAF512C-F285-420F-8AC1-12DE4A6275FA}.Debug|Any CPU.Build.0 = Debug|Any CPU
		{EAAF512C-F285-420F-8AC1-12DE4A6275FA}.Release|Any CPU.ActiveCfg = Release|Any CPU
		{EAAF512C-F285-420F-8AC1-12DE4A6275FA}.Release|Any CPU.Build.0 = Release|Any CPU
		{158EA75B-EFFA-4A36-A91B-2E20D5AE3504}.Debug|Any CPU.ActiveCfg = Debug|Any CPU
		{158EA75B-EFFA-4A36-A91B-2E20D5AE3504}.Debug|Any CPU.Build.0 = Debug|Any CPU
		{158EA75B-EFFA-4A36-A91B-2E20D5AE3504}.Release|Any CPU.ActiveCfg = Release|Any CPU
		{158EA75B-EFFA-4A36-A91B-2E20D5AE3504}.Release|Any CPU.Build.0 = Release|Any CPU
		{267FF087-E4CE-4749-B169-FA93DAE7FDFC}.Debug|Any CPU.ActiveCfg = Debug|Any CPU
		{267FF087-E4CE-4749-B169-FA93DAE7FDFC}.Debug|Any CPU.Build.0 = Debug|Any CPU
		{267FF087-E4CE-4749-B169-FA93DAE7FDFC}.Release|Any CPU.ActiveCfg = Release|Any CPU
		{267FF087-E4CE-4749-B169-FA93DAE7FDFC}.Release|Any CPU.Build.0 = Release|Any CPU
		{8CC8A2DF-C146-43DC-89AD-87F1E92C4E91}.Debug|Any CPU.ActiveCfg = Debug|Any CPU
		{8CC8A2DF-C146-43DC-89AD-87F1E92C4E91}.Debug|Any CPU.Build.0 = Debug|Any CPU
		{8CC8A2DF-C146-43DC-89AD-87F1E92C4E91}.Release|Any CPU.ActiveCfg = Release|Any CPU
		{8CC8A2DF-C146-43DC-89AD-87F1E92C4E91}.Release|Any CPU.Build.0 = Release|Any CPU
		{578D5FA2-10F9-4FDD-B3F4-0A183B607354}.Debug|Any CPU.ActiveCfg = Debug|Any CPU
		{578D5FA2-10F9-4FDD-B3F4-0A183B607354}.Debug|Any CPU.Build.0 = Debug|Any CPU
		{578D5FA2-10F9-4FDD-B3F4-0A183B607354}.Release|Any CPU.ActiveCfg = Release|Any CPU
		{578D5FA2-10F9-4FDD-B3F4-0A183B607354}.Release|Any CPU.Build.0 = Release|Any CPU
		{C11C5DE1-E9FC-4BA7-9213-80728D0FED2C}.Debug|Any CPU.ActiveCfg = Debug|Any CPU
		{C11C5DE1-E9FC-4BA7-9213-80728D0FED2C}.Debug|Any CPU.Build.0 = Debug|Any CPU
		{C11C5DE1-E9FC-4BA7-9213-80728D0FED2C}.Release|Any CPU.ActiveCfg = Release|Any CPU
		{C11C5DE1-E9FC-4BA7-9213-80728D0FED2C}.Release|Any CPU.Build.0 = Release|Any CPU
		{3F36F16E-4DD3-49F6-8E8A-248D8948B155}.Debug|Any CPU.ActiveCfg = Debug|Any CPU
		{3F36F16E-4DD3-49F6-8E8A-248D8948B155}.Debug|Any CPU.Build.0 = Debug|Any CPU
		{3F36F16E-4DD3-49F6-8E8A-248D8948B155}.Release|Any CPU.ActiveCfg = Release|Any CPU
		{3F36F16E-4DD3-49F6-8E8A-248D8948B155}.Release|Any CPU.Build.0 = Release|Any CPU
		{BA7BEDD8-95F3-4D9D-91E6-91EB80239469}.Debug|Any CPU.ActiveCfg = Debug|Any CPU
		{BA7BEDD8-95F3-4D9D-91E6-91EB80239469}.Debug|Any CPU.Build.0 = Debug|Any CPU
		{BA7BEDD8-95F3-4D9D-91E6-91EB80239469}.Release|Any CPU.ActiveCfg = Release|Any CPU
		{BA7BEDD8-95F3-4D9D-91E6-91EB80239469}.Release|Any CPU.Build.0 = Release|Any CPU
		{78B26614-7562-437E-8C77-341E4D2BB5EF}.Debug|Any CPU.ActiveCfg = Debug|Any CPU
		{78B26614-7562-437E-8C77-341E4D2BB5EF}.Debug|Any CPU.Build.0 = Debug|Any CPU
		{78B26614-7562-437E-8C77-341E4D2BB5EF}.Release|Any CPU.ActiveCfg = Release|Any CPU
		{78B26614-7562-437E-8C77-341E4D2BB5EF}.Release|Any CPU.Build.0 = Release|Any CPU
		{ABCA09DF-5532-4B81-8E6C-F4EC825069D6}.Debug|Any CPU.ActiveCfg = Debug|Any CPU
		{ABCA09DF-5532-4B81-8E6C-F4EC825069D6}.Debug|Any CPU.Build.0 = Debug|Any CPU
		{ABCA09DF-5532-4B81-8E6C-F4EC825069D6}.Release|Any CPU.ActiveCfg = Release|Any CPU
		{ABCA09DF-5532-4B81-8E6C-F4EC825069D6}.Release|Any CPU.Build.0 = Release|Any CPU
		{5FF50A54-04B3-40DB-8DF4-D17B5D64B61C}.Debug|Any CPU.ActiveCfg = Debug|Any CPU
		{5FF50A54-04B3-40DB-8DF4-D17B5D64B61C}.Debug|Any CPU.Build.0 = Debug|Any CPU
		{5FF50A54-04B3-40DB-8DF4-D17B5D64B61C}.Release|Any CPU.ActiveCfg = Release|Any CPU
		{5FF50A54-04B3-40DB-8DF4-D17B5D64B61C}.Release|Any CPU.Build.0 = Release|Any CPU
	EndGlobalSection
	GlobalSection(SolutionProperties) = preSolution
		HideSolutionNode = FALSE
	EndGlobalSection
	GlobalSection(NestedProjects) = preSolution
		{2D40BCE1-69FF-4091-BCD0-312B31B91ACE} = {10689CB3-CC08-45A1-96CF-0071A37FAD9A}
		{530E9DF8-29D1-43EA-AA5A-3C2F376B19ED} = {10689CB3-CC08-45A1-96CF-0071A37FAD9A}
		{A0AC1EC8-30D0-4403-8D8D-05302474F0B1} = {2D40BCE1-69FF-4091-BCD0-312B31B91ACE}
		{8C561BC7-711C-49F7-99E9-E1C815A50EFB} = {530E9DF8-29D1-43EA-AA5A-3C2F376B19ED}
		{86F1C47F-F4D4-4B70-8609-068266EBDD6A} = {2D40BCE1-69FF-4091-BCD0-312B31B91ACE}
		{0A5C7F6B-54B9-456A-9FFD-DE3E0C35C44D} = {2D40BCE1-69FF-4091-BCD0-312B31B91ACE}
		{ABAF63BE-09F8-43F1-80AD-DE8F5A05B8A3} = {2D40BCE1-69FF-4091-BCD0-312B31B91ACE}
		{12E7FB4E-0B9C-45AB-B0C3-CAF3D8398E73} = {530E9DF8-29D1-43EA-AA5A-3C2F376B19ED}
		{6F82696F-B29F-48E4-BF2E-699DA3A9AE9B} = {530E9DF8-29D1-43EA-AA5A-3C2F376B19ED}
		{F35D8C55-6340-43F0-8799-BACBCC8282AC} = {530E9DF8-29D1-43EA-AA5A-3C2F376B19ED}
		{FEF4B7E6-3D8C-4760-A596-D2DB9C4F289D} = {10689CB3-CC08-45A1-96CF-0071A37FAD9A}
		{C597DDE0-C3BF-4C1C-B0DB-87020A3B61D6} = {FEF4B7E6-3D8C-4760-A596-D2DB9C4F289D}
		{BEB47B9E-213D-4807-92ED-339C4B3EB09B} = {FEF4B7E6-3D8C-4760-A596-D2DB9C4F289D}
		{F070536D-BD13-478D-AA23-157F44DF3B30} = {FEF4B7E6-3D8C-4760-A596-D2DB9C4F289D}
		{0862B678-C739-407F-8858-6B7E80290D34} = {FEF4B7E6-3D8C-4760-A596-D2DB9C4F289D}
		{F0513E5A-3886-4F80-BC4B-2EB8D6CE215D} = {10689CB3-CC08-45A1-96CF-0071A37FAD9A}
		{7A48461F-FDDA-4862-84C4-2D80A3AF6F05} = {F0513E5A-3886-4F80-BC4B-2EB8D6CE215D}
		{EAAF512C-F285-420F-8AC1-12DE4A6275FA} = {F0513E5A-3886-4F80-BC4B-2EB8D6CE215D}
		{158EA75B-EFFA-4A36-A91B-2E20D5AE3504} = {F0513E5A-3886-4F80-BC4B-2EB8D6CE215D}
		{267FF087-E4CE-4749-B169-FA93DAE7FDFC} = {F0513E5A-3886-4F80-BC4B-2EB8D6CE215D}
		{A7D00CB1-139A-4B73-B165-B461DA07B3C0} = {EACACCF4-1DD7-47EF-8A66-C35280376843}
		{E0819811-8F36-48B5-82FC-72AE31E1BA82} = {EACACCF4-1DD7-47EF-8A66-C35280376843}
		{8CC8A2DF-C146-43DC-89AD-87F1E92C4E91} = {A7D00CB1-139A-4B73-B165-B461DA07B3C0}
		{578D5FA2-10F9-4FDD-B3F4-0A183B607354} = {E0819811-8F36-48B5-82FC-72AE31E1BA82}
		{E99BEC4F-8673-4A12-9679-312D7CE5A4D9} = {10689CB3-CC08-45A1-96CF-0071A37FAD9A}
		{C11C5DE1-E9FC-4BA7-9213-80728D0FED2C} = {E99BEC4F-8673-4A12-9679-312D7CE5A4D9}
		{3F36F16E-4DD3-49F6-8E8A-248D8948B155} = {E99BEC4F-8673-4A12-9679-312D7CE5A4D9}
		{BA7BEDD8-95F3-4D9D-91E6-91EB80239469} = {E99BEC4F-8673-4A12-9679-312D7CE5A4D9}
		{78B26614-7562-437E-8C77-341E4D2BB5EF} = {E99BEC4F-8673-4A12-9679-312D7CE5A4D9}
		{ABCA09DF-5532-4B81-8E6C-F4EC825069D6} = {2D40BCE1-69FF-4091-BCD0-312B31B91ACE}
		{5FF50A54-04B3-40DB-8DF4-D17B5D64B61C} = {E99BEC4F-8673-4A12-9679-312D7CE5A4D9}
	EndGlobalSection
	GlobalSection(ExtensibilityGlobals) = postSolution
		SolutionGuid = {4DB89EA9-2712-40FD-8360-DF79F7BF7CB6}
	EndGlobalSection
EndGlobal
